// !$*UTF8*$!
{
	archiveVersion = 1;
	classes = {
	};
	objectVersion = 56;
	objects = {

/* Begin PBXBuildFile section */
		3C8589332B0D2C350014B1D3 /* Kingfisher in Frameworks */ = {isa = PBXBuildFile; productRef = 3C8589322B0D2C350014B1D3 /* Kingfisher */; };
		3C8589352B0D2D0D0014B1D3 /* Double.swift in Sources */ = {isa = PBXBuildFile; fileRef = 3C8589342B0D2D0D0014B1D3 /* Double.swift */; };
		3C8589372B0D39C20014B1D3 /* response.json in Resources */ = {isa = PBXBuildFile; fileRef = 3C8589362B0D39C20014B1D3 /* response.json */; };
		3CE7995D2B0D02E9005A3E44 /* CryptoTrackerApp.swift in Sources */ = {isa = PBXBuildFile; fileRef = 3CE7995C2B0D02E9005A3E44 /* CryptoTrackerApp.swift */; };
		3CE799612B0D02EA005A3E44 /* Assets.xcassets in Resources */ = {isa = PBXBuildFile; fileRef = 3CE799602B0D02EA005A3E44 /* Assets.xcassets */; };
		3CE799642B0D02EA005A3E44 /* Preview Assets.xcassets in Resources */ = {isa = PBXBuildFile; fileRef = 3CE799632B0D02EA005A3E44 /* Preview Assets.xcassets */; };
		3CE799742B0D0A3B005A3E44 /* HomeView.swift in Sources */ = {isa = PBXBuildFile; fileRef = 3CE799732B0D0A3B005A3E44 /* HomeView.swift */; };
		3CE799762B0D0BEB005A3E44 /* TopCoinsView.swift in Sources */ = {isa = PBXBuildFile; fileRef = 3CE799752B0D0BEB005A3E44 /* TopCoinsView.swift */; };
		3CE799782B0D0BFD005A3E44 /* TopCoinsItemView.swift in Sources */ = {isa = PBXBuildFile; fileRef = 3CE799772B0D0BFD005A3E44 /* TopCoinsItemView.swift */; };
		3CE7997A2B0D1323005A3E44 /* AllCoinsView.swift in Sources */ = {isa = PBXBuildFile; fileRef = 3CE799792B0D1323005A3E44 /* AllCoinsView.swift */; };
		3CE7997E2B0D1355005A3E44 /* AllCoinsRowView.swift in Sources */ = {isa = PBXBuildFile; fileRef = 3CE7997D2B0D1355005A3E44 /* AllCoinsRowView.swift */; };
		3CE799802B0D1A8C005A3E44 /* HomeViewModel.swift in Sources */ = {isa = PBXBuildFile; fileRef = 3CE7997F2B0D1A8C005A3E44 /* HomeViewModel.swift */; };
		3CE799822B0D1DC5005A3E44 /* Coin.swift in Sources */ = {isa = PBXBuildFile; fileRef = 3CE799812B0D1DC5005A3E44 /* Coin.swift */; };
/* End PBXBuildFile section */

/* Begin PBXFileReference section */
		3C8589342B0D2D0D0014B1D3 /* Double.swift */ = {isa = PBXFileReference; lastKnownFileType = sourcecode.swift; path = Double.swift; sourceTree = "<group>"; };
		3C8589362B0D39C20014B1D3 /* response.json */ = {isa = PBXFileReference; fileEncoding = 4; lastKnownFileType = text.json; name = response.json; path = ../../../../../../Downloads/response.json; sourceTree = "<group>"; };
		3CE799592B0D02E9005A3E44 /* CryptoTracker.app */ = {isa = PBXFileReference; explicitFileType = wrapper.application; includeInIndex = 0; path = CryptoTracker.app; sourceTree = BUILT_PRODUCTS_DIR; };
		3CE7995C2B0D02E9005A3E44 /* CryptoTrackerApp.swift */ = {isa = PBXFileReference; lastKnownFileType = sourcecode.swift; path = CryptoTrackerApp.swift; sourceTree = "<group>"; };
		3CE799602B0D02EA005A3E44 /* Assets.xcassets */ = {isa = PBXFileReference; lastKnownFileType = folder.assetcatalog; path = Assets.xcassets; sourceTree = "<group>"; };
		3CE799632B0D02EA005A3E44 /* Preview Assets.xcassets */ = {isa = PBXFileReference; lastKnownFileType = folder.assetcatalog; path = "Preview Assets.xcassets"; sourceTree = "<group>"; };
		3CE799732B0D0A3B005A3E44 /* HomeView.swift */ = {isa = PBXFileReference; lastKnownFileType = sourcecode.swift; path = HomeView.swift; sourceTree = "<group>"; };
		3CE799752B0D0BEB005A3E44 /* TopCoinsView.swift */ = {isa = PBXFileReference; lastKnownFileType = sourcecode.swift; path = TopCoinsView.swift; sourceTree = "<group>"; };
		3CE799772B0D0BFD005A3E44 /* TopCoinsItemView.swift */ = {isa = PBXFileReference; lastKnownFileType = sourcecode.swift; path = TopCoinsItemView.swift; sourceTree = "<group>"; };
		3CE799792B0D1323005A3E44 /* AllCoinsView.swift */ = {isa = PBXFileReference; lastKnownFileType = sourcecode.swift; path = AllCoinsView.swift; sourceTree = "<group>"; };
		3CE7997D2B0D1355005A3E44 /* AllCoinsRowView.swift */ = {isa = PBXFileReference; lastKnownFileType = sourcecode.swift; path = AllCoinsRowView.swift; sourceTree = "<group>"; };
		3CE7997F2B0D1A8C005A3E44 /* HomeViewModel.swift */ = {isa = PBXFileReference; lastKnownFileType = sourcecode.swift; path = HomeViewModel.swift; sourceTree = "<group>"; };
		3CE799812B0D1DC5005A3E44 /* Coin.swift */ = {isa = PBXFileReference; lastKnownFileType = sourcecode.swift; path = Coin.swift; sourceTree = "<group>"; };
/* End PBXFileReference section */

/* Begin PBXFrameworksBuildPhase section */
		3CE799562B0D02E9005A3E44 /* Frameworks */ = {
			isa = PBXFrameworksBuildPhase;
			buildActionMask = 2147483647;
			files = (
				3C8589332B0D2C350014B1D3 /* Kingfisher in Frameworks */,
			);
			runOnlyForDeploymentPostprocessing = 0;
		};
/* End PBXFrameworksBuildPhase section */

/* Begin PBXGroup section */
		3CE799502B0D02E9005A3E44 = {
			isa = PBXGroup;
			children = (
				3CE7995B2B0D02E9005A3E44 /* CryptoTracker */,
				3CE7995A2B0D02E9005A3E44 /* Products */,
			);
			sourceTree = "<group>";
		};
		3CE7995A2B0D02E9005A3E44 /* Products */ = {
			isa = PBXGroup;
			children = (
				3CE799592B0D02E9005A3E44 /* CryptoTracker.app */,
			);
			name = Products;
			sourceTree = "<group>";
		};
		3CE7995B2B0D02E9005A3E44 /* CryptoTracker */ = {
			isa = PBXGroup;
			children = (
				3CE7996F2B0D095D005A3E44 /* Utils */,
				3CE7996E2B0D0956005A3E44 /* Extensions */,
				3CE7996D2B0D0953005A3E44 /* Models */,
				3CE7996B2B0D093E005A3E44 /* Core */,
				3CE7996A2B0D0939005A3E44 /* App */,
				3CE799602B0D02EA005A3E44 /* Assets.xcassets */,
				3CE799622B0D02EA005A3E44 /* Preview Content */,
			);
			path = CryptoTracker;
			sourceTree = "<group>";
		};
		3CE799622B0D02EA005A3E44 /* Preview Content */ = {
			isa = PBXGroup;
			children = (
				3CE799632B0D02EA005A3E44 /* Preview Assets.xcassets */,
			);
			path = "Preview Content";
			sourceTree = "<group>";
		};
		3CE7996A2B0D0939005A3E44 /* App */ = {
			isa = PBXGroup;
			children = (
				3CE7995C2B0D02E9005A3E44 /* CryptoTrackerApp.swift */,
			);
			path = App;
			sourceTree = "<group>";
		};
		3CE7996B2B0D093E005A3E44 /* Core */ = {
			isa = PBXGroup;
			children = (
				3CE799702B0D09C7005A3E44 /* Home */,
			);
			path = Core;
			sourceTree = "<group>";
		};
		3CE7996D2B0D0953005A3E44 /* Models */ = {
			isa = PBXGroup;
			children = (
				3C8589362B0D39C20014B1D3 /* response.json */,
				3CE799812B0D1DC5005A3E44 /* Coin.swift */,
			);
			path = Models;
			sourceTree = "<group>";
		};
		3CE7996E2B0D0956005A3E44 /* Extensions */ = {
			isa = PBXGroup;
			children = (
				3C8589342B0D2D0D0014B1D3 /* Double.swift */,
			);
			path = Extensions;
			sourceTree = "<group>";
		};
		3CE7996F2B0D095D005A3E44 /* Utils */ = {
			isa = PBXGroup;
			children = (
			);
			path = Utils;
			sourceTree = "<group>";
		};
		3CE799702B0D09C7005A3E44 /* Home */ = {
			isa = PBXGroup;
			children = (
				3CE799712B0D0A02005A3E44 /* Views */,
				3CE799722B0D0A14005A3E44 /* ViewModels */,
			);
			path = Home;
			sourceTree = "<group>";
		};
		3CE799712B0D0A02005A3E44 /* Views */ = {
			isa = PBXGroup;
			children = (
				3CE799732B0D0A3B005A3E44 /* HomeView.swift */,
				3CE799752B0D0BEB005A3E44 /* TopCoinsView.swift */,
				3CE799772B0D0BFD005A3E44 /* TopCoinsItemView.swift */,
				3CE799792B0D1323005A3E44 /* AllCoinsView.swift */,
				3CE7997D2B0D1355005A3E44 /* AllCoinsRowView.swift */,
			);
			path = Views;
			sourceTree = "<group>";
		};
		3CE799722B0D0A14005A3E44 /* ViewModels */ = {
			isa = PBXGroup;
			children = (
				3CE7997F2B0D1A8C005A3E44 /* HomeViewModel.swift */,
			);
			path = ViewModels;
			sourceTree = "<group>";
		};
/* End PBXGroup section */

/* Begin PBXNativeTarget section */
		3CE799582B0D02E9005A3E44 /* CryptoTracker */ = {
			isa = PBXNativeTarget;
			buildConfigurationList = 3CE799672B0D02EA005A3E44 /* Build configuration list for PBXNativeTarget "CryptoTracker" */;
			buildPhases = (
				3CE799552B0D02E9005A3E44 /* Sources */,
				3CE799562B0D02E9005A3E44 /* Frameworks */,
				3CE799572B0D02E9005A3E44 /* Resources */,
			);
			buildRules = (
			);
			dependencies = (
			);
			name = CryptoTracker;
			packageProductDependencies = (
				3C8589322B0D2C350014B1D3 /* Kingfisher */,
			);
			productName = CryptoTracker;
			productReference = 3CE799592B0D02E9005A3E44 /* CryptoTracker.app */;
			productType = "com.apple.product-type.application";
		};
/* End PBXNativeTarget section */

/* Begin PBXProject section */
		3CE799512B0D02E9005A3E44 /* Project object */ = {
			isa = PBXProject;
			attributes = {
				BuildIndependentTargetsInParallel = 1;
				LastSwiftUpdateCheck = 1500;
				LastUpgradeCheck = 1500;
				TargetAttributes = {
					3CE799582B0D02E9005A3E44 = {
						CreatedOnToolsVersion = 15.0.1;
					};
				};
			};
			buildConfigurationList = 3CE799542B0D02E9005A3E44 /* Build configuration list for PBXProject "CryptoTracker" */;
			compatibilityVersion = "Xcode 14.0";
			developmentRegion = en;
			hasScannedForEncodings = 0;
			knownRegions = (
				en,
				Base,
			);
			mainGroup = 3CE799502B0D02E9005A3E44;
			packageReferences = (
				3C8589312B0D2C350014B1D3 /* XCRemoteSwiftPackageReference "Kingfisher" */,
			);
			productRefGroup = 3CE7995A2B0D02E9005A3E44 /* Products */;
			projectDirPath = "";
			projectRoot = "";
			targets = (
				3CE799582B0D02E9005A3E44 /* CryptoTracker */,
			);
		};
/* End PBXProject section */

/* Begin PBXResourcesBuildPhase section */
		3CE799572B0D02E9005A3E44 /* Resources */ = {
			isa = PBXResourcesBuildPhase;
			buildActionMask = 2147483647;
			files = (
				3CE799642B0D02EA005A3E44 /* Preview Assets.xcassets in Resources */,
				3C8589372B0D39C20014B1D3 /* response.json in Resources */,
				3CE799612B0D02EA005A3E44 /* Assets.xcassets in Resources */,
			);
			runOnlyForDeploymentPostprocessing = 0;
		};
/* End PBXResourcesBuildPhase section */

/* Begin PBXSourcesBuildPhase section */
		3CE799552B0D02E9005A3E44 /* Sources */ = {
			isa = PBXSourcesBuildPhase;
			buildActionMask = 2147483647;
			files = (
				3CE799822B0D1DC5005A3E44 /* Coin.swift in Sources */,
				3CE799742B0D0A3B005A3E44 /* HomeView.swift in Sources */,
				3CE7997A2B0D1323005A3E44 /* AllCoinsView.swift in Sources */,
				3CE799782B0D0BFD005A3E44 /* TopCoinsItemView.swift in Sources */,
				3CE799802B0D1A8C005A3E44 /* HomeViewModel.swift in Sources */,
				3CE7995D2B0D02E9005A3E44 /* CryptoTrackerApp.swift in Sources */,
				3CE799762B0D0BEB005A3E44 /* TopCoinsView.swift in Sources */,
				3C8589352B0D2D0D0014B1D3 /* Double.swift in Sources */,
				3CE7997E2B0D1355005A3E44 /* AllCoinsRowView.swift in Sources */,
			);
			runOnlyForDeploymentPostprocessing = 0;
		};
/* End PBXSourcesBuildPhase section */

/* Begin XCBuildConfiguration section */
		3CE799652B0D02EA005A3E44 /* Debug */ = {
			isa = XCBuildConfiguration;
			buildSettings = {
				ALWAYS_SEARCH_USER_PATHS = NO;
				ASSETCATALOG_COMPILER_GENERATE_SWIFT_ASSET_SYMBOL_EXTENSIONS = YES;
				CLANG_ANALYZER_NONNULL = YES;
				CLANG_ANALYZER_NUMBER_OBJECT_CONVERSION = YES_AGGRESSIVE;
				CLANG_CXX_LANGUAGE_STANDARD = "gnu++20";
				CLANG_ENABLE_MODULES = YES;
				CLANG_ENABLE_OBJC_ARC = YES;
				CLANG_ENABLE_OBJC_WEAK = YES;
				CLANG_WARN_BLOCK_CAPTURE_AUTORELEASING = YES;
				CLANG_WARN_BOOL_CONVERSION = YES;
				CLANG_WARN_COMMA = YES;
				CLANG_WARN_CONSTANT_CONVERSION = YES;
				CLANG_WARN_DEPRECATED_OBJC_IMPLEMENTATIONS = YES;
				CLANG_WARN_DIRECT_OBJC_ISA_USAGE = YES_ERROR;
				CLANG_WARN_DOCUMENTATION_COMMENTS = YES;
				CLANG_WARN_EMPTY_BODY = YES;
				CLANG_WARN_ENUM_CONVERSION = YES;
				CLANG_WARN_INFINITE_RECURSION = YES;
				CLANG_WARN_INT_CONVERSION = YES;
				CLANG_WARN_NON_LITERAL_NULL_CONVERSION = YES;
				CLANG_WARN_OBJC_IMPLICIT_RETAIN_SELF = YES;
				CLANG_WARN_OBJC_LITERAL_CONVERSION = YES;
				CLANG_WARN_OBJC_ROOT_CLASS = YES_ERROR;
				CLANG_WARN_QUOTED_INCLUDE_IN_FRAMEWORK_HEADER = YES;
				CLANG_WARN_RANGE_LOOP_ANALYSIS = YES;
				CLANG_WARN_STRICT_PROTOTYPES = YES;
				CLANG_WARN_SUSPICIOUS_MOVE = YES;
				CLANG_WARN_UNGUARDED_AVAILABILITY = YES_AGGRESSIVE;
				CLANG_WARN_UNREACHABLE_CODE = YES;
				CLANG_WARN__DUPLICATE_METHOD_MATCH = YES;
				COPY_PHASE_STRIP = NO;
				DEBUG_INFORMATION_FORMAT = dwarf;
				ENABLE_STRICT_OBJC_MSGSEND = YES;
				ENABLE_TESTABILITY = YES;
				ENABLE_USER_SCRIPT_SANDBOXING = YES;
				GCC_C_LANGUAGE_STANDARD = gnu17;
				GCC_DYNAMIC_NO_PIC = NO;
				GCC_NO_COMMON_BLOCKS = YES;
				GCC_OPTIMIZATION_LEVEL = 0;
				GCC_PREPROCESSOR_DEFINITIONS = (
					"DEBUG=1",
					"$(inherited)",
				);
				GCC_WARN_64_TO_32_BIT_CONVERSION = YES;
				GCC_WARN_ABOUT_RETURN_TYPE = YES_ERROR;
				GCC_WARN_UNDECLARED_SELECTOR = YES;
				GCC_WARN_UNINITIALIZED_AUTOS = YES_AGGRESSIVE;
				GCC_WARN_UNUSED_FUNCTION = YES;
				GCC_WARN_UNUSED_VARIABLE = YES;
				IPHONEOS_DEPLOYMENT_TARGET = 17.0;
				LOCALIZATION_PREFERS_STRING_CATALOGS = YES;
				MTL_ENABLE_DEBUG_INFO = INCLUDE_SOURCE;
				MTL_FAST_MATH = YES;
				ONLY_ACTIVE_ARCH = YES;
				SDKROOT = iphoneos;
				SWIFT_ACTIVE_COMPILATION_CONDITIONS = "DEBUG $(inherited)";
				SWIFT_OPTIMIZATION_LEVEL = "-Onone";
			};
			name = Debug;
		};
		3CE799662B0D02EA005A3E44 /* Release */ = {
			isa = XCBuildConfiguration;
			buildSettings = {
				ALWAYS_SEARCH_USER_PATHS = NO;
				ASSETCATALOG_COMPILER_GENERATE_SWIFT_ASSET_SYMBOL_EXTENSIONS = YES;
				CLANG_ANALYZER_NONNULL = YES;
				CLANG_ANALYZER_NUMBER_OBJECT_CONVERSION = YES_AGGRESSIVE;
				CLANG_CXX_LANGUAGE_STANDARD = "gnu++20";
				CLANG_ENABLE_MODULES = YES;
				CLANG_ENABLE_OBJC_ARC = YES;
				CLANG_ENABLE_OBJC_WEAK = YES;
				CLANG_WARN_BLOCK_CAPTURE_AUTORELEASING = YES;
				CLANG_WARN_BOOL_CONVERSION = YES;
				CLANG_WARN_COMMA = YES;
				CLANG_WARN_CONSTANT_CONVERSION = YES;
				CLANG_WARN_DEPRECATED_OBJC_IMPLEMENTATIONS = YES;
				CLANG_WARN_DIRECT_OBJC_ISA_USAGE = YES_ERROR;
				CLANG_WARN_DOCUMENTATION_COMMENTS = YES;
				CLANG_WARN_EMPTY_BODY = YES;
				CLANG_WARN_ENUM_CONVERSION = YES;
				CLANG_WARN_INFINITE_RECURSION = YES;
				CLANG_WARN_INT_CONVERSION = YES;
				CLANG_WARN_NON_LITERAL_NULL_CONVERSION = YES;
				CLANG_WARN_OBJC_IMPLICIT_RETAIN_SELF = YES;
				CLANG_WARN_OBJC_LITERAL_CONVERSION = YES;
				CLANG_WARN_OBJC_ROOT_CLASS = YES_ERROR;
				CLANG_WARN_QUOTED_INCLUDE_IN_FRAMEWORK_HEADER = YES;
				CLANG_WARN_RANGE_LOOP_ANALYSIS = YES;
				CLANG_WARN_STRICT_PROTOTYPES = YES;
				CLANG_WARN_SUSPICIOUS_MOVE = YES;
				CLANG_WARN_UNGUARDED_AVAILABILITY = YES_AGGRESSIVE;
				CLANG_WARN_UNREACHABLE_CODE = YES;
				CLANG_WARN__DUPLICATE_METHOD_MATCH = YES;
				COPY_PHASE_STRIP = NO;
				DEBUG_INFORMATION_FORMAT = "dwarf-with-dsym";
				ENABLE_NS_ASSERTIONS = NO;
				ENABLE_STRICT_OBJC_MSGSEND = YES;
				ENABLE_USER_SCRIPT_SANDBOXING = YES;
				GCC_C_LANGUAGE_STANDARD = gnu17;
				GCC_NO_COMMON_BLOCKS = YES;
				GCC_WARN_64_TO_32_BIT_CONVERSION = YES;
				GCC_WARN_ABOUT_RETURN_TYPE = YES_ERROR;
				GCC_WARN_UNDECLARED_SELECTOR = YES;
				GCC_WARN_UNINITIALIZED_AUTOS = YES_AGGRESSIVE;
				GCC_WARN_UNUSED_FUNCTION = YES;
				GCC_WARN_UNUSED_VARIABLE = YES;
				IPHONEOS_DEPLOYMENT_TARGET = 17.0;
				LOCALIZATION_PREFERS_STRING_CATALOGS = YES;
				MTL_ENABLE_DEBUG_INFO = NO;
				MTL_FAST_MATH = YES;
				SDKROOT = iphoneos;
				SWIFT_COMPILATION_MODE = wholemodule;
				VALIDATE_PRODUCT = YES;
			};
			name = Release;
		};
		3CE799682B0D02EA005A3E44 /* Debug */ = {
			isa = XCBuildConfiguration;
			buildSettings = {
				ASSETCATALOG_COMPILER_APPICON_NAME = AppIcon;
				ASSETCATALOG_COMPILER_GLOBAL_ACCENT_COLOR_NAME = AccentColor;
				CODE_SIGN_STYLE = Automatic;
				CURRENT_PROJECT_VERSION = 1;
				DEVELOPMENT_ASSET_PATHS = "\"CryptoTracker/Preview Content\"";
				DEVELOPMENT_TEAM = RVV859V8MS;
				ENABLE_PREVIEWS = YES;
				GENERATE_INFOPLIST_FILE = YES;
				INFOPLIST_KEY_CFBundleDisplayName = "Crypto Tracker";
				INFOPLIST_KEY_UIApplicationSceneManifest_Generation = YES;
				INFOPLIST_KEY_UIApplicationSupportsIndirectInputEvents = YES;
				INFOPLIST_KEY_UILaunchScreen_Generation = YES;
				INFOPLIST_KEY_UISupportedInterfaceOrientations_iPad = "UIInterfaceOrientationPortrait UIInterfaceOrientationPortraitUpsideDown UIInterfaceOrientationLandscapeLeft UIInterfaceOrientationLandscapeRight";
				INFOPLIST_KEY_UISupportedInterfaceOrientations_iPhone = "UIInterfaceOrientationPortrait UIInterfaceOrientationLandscapeLeft UIInterfaceOrientationLandscapeRight";
				LD_RUNPATH_SEARCH_PATHS = (
					"$(inherited)",
					"@executable_path/Frameworks",
				);
				MARKETING_VERSION = 1.0;
				PRODUCT_BUNDLE_IDENTIFIER = co.alishafiei.CryptoTracker;
				PRODUCT_NAME = "$(TARGET_NAME)";
				SWIFT_EMIT_LOC_STRINGS = YES;
				SWIFT_VERSION = 5.0;
				TARGETED_DEVICE_FAMILY = "1,2";
			};
			name = Debug;
		};
		3CE799692B0D02EA005A3E44 /* Release */ = {
			isa = XCBuildConfiguration;
			buildSettings = {
				ASSETCATALOG_COMPILER_APPICON_NAME = AppIcon;
				ASSETCATALOG_COMPILER_GLOBAL_ACCENT_COLOR_NAME = AccentColor;
				CODE_SIGN_STYLE = Automatic;
				CURRENT_PROJECT_VERSION = 1;
				DEVELOPMENT_ASSET_PATHS = "\"CryptoTracker/Preview Content\"";
				DEVELOPMENT_TEAM = RVV859V8MS;
				ENABLE_PREVIEWS = YES;
				GENERATE_INFOPLIST_FILE = YES;
				INFOPLIST_KEY_CFBundleDisplayName = "Crypto Tracker";
				INFOPLIST_KEY_UIApplicationSceneManifest_Generation = YES;
				INFOPLIST_KEY_UIApplicationSupportsIndirectInputEvents = YES;
				INFOPLIST_KEY_UILaunchScreen_Generation = YES;
				INFOPLIST_KEY_UISupportedInterfaceOrientations_iPad = "UIInterfaceOrientationPortrait UIInterfaceOrientationPortraitUpsideDown UIInterfaceOrientationLandscapeLeft UIInterfaceOrientationLandscapeRight";
				INFOPLIST_KEY_UISupportedInterfaceOrientations_iPhone = "UIInterfaceOrientationPortrait UIInterfaceOrientationLandscapeLeft UIInterfaceOrientationLandscapeRight";
				LD_RUNPATH_SEARCH_PATHS = (
					"$(inherited)",
					"@executable_path/Frameworks",
				);
				MARKETING_VERSION = 1.0;
				PRODUCT_BUNDLE_IDENTIFIER = co.alishafiei.CryptoTracker;
				PRODUCT_NAME = "$(TARGET_NAME)";
				SWIFT_EMIT_LOC_STRINGS = YES;
				SWIFT_VERSION = 5.0;
				TARGETED_DEVICE_FAMILY = "1,2";
			};
			name = Release;
		};
/* End XCBuildConfiguration section */

/* Begin XCConfigurationList section */
		3CE799542B0D02E9005A3E44 /* Build configuration list for PBXProject "CryptoTracker" */ = {
			isa = XCConfigurationList;
			buildConfigurations = (
				3CE799652B0D02EA005A3E44 /* Debug */,
				3CE799662B0D02EA005A3E44 /* Release */,
			);
			defaultConfigurationIsVisible = 0;
			defaultConfigurationName = Release;
		};
		3CE799672B0D02EA005A3E44 /* Build configuration list for PBXNativeTarget "CryptoTracker" */ = {
			isa = XCConfigurationList;
			buildConfigurations = (
				3CE799682B0D02EA005A3E44 /* Debug */,
				3CE799692B0D02EA005A3E44 /* Release */,
			);
			defaultConfigurationIsVisible = 0;
			defaultConfigurationName = Release;
		};
/* End XCConfigurationList section */

/* Begin XCRemoteSwiftPackageReference section */
		3C8589312B0D2C350014B1D3 /* XCRemoteSwiftPackageReference "Kingfisher" */ = {
			isa = XCRemoteSwiftPackageReference;
			repositoryURL = "https://github.com/onevcat/Kingfisher.git";
			requirement = {
				kind = upToNextMajorVersion;
				minimumVersion = 7.10.0;
			};
		};
/* End XCRemoteSwiftPackageReference section */

/* Begin XCSwiftPackageProductDependency section */
		3C8589322B0D2C350014B1D3 /* Kingfisher */ = {
			isa = XCSwiftPackageProductDependency;
			package = 3C8589312B0D2C350014B1D3 /* XCRemoteSwiftPackageReference "Kingfisher" */;
			productName = Kingfisher;
		};
/* End XCSwiftPackageProductDependency section */
	};
	rootObject = 3CE799512B0D02E9005A3E44 /* Project object */;
}
